
Microsoft Visual Studio Solution File, Format Version 12.00
# Visual Studio Version 17
VisualStudioVersion = 17.9.34714.143
MinimumVisualStudioVersion = 10.0.40219.1
Project("{2150E333-8FDC-42A3-9474-1A3956D46DE8}") = "src", "src", "{1DCFF00C-B509-48FC-81BA-CD111C365C59}"
EndProject
Project("{9A19103F-16F7-4668-BE54-9A1E7A4F7556}") = "Domain", "src\Domain\Domain.csproj", "{39A4145B-19CD-43A8-9577-01BCC583BB90}"
EndProject
Project("{9A19103F-16F7-4668-BE54-9A1E7A4F7556}") = "Data", "src\Data\Data.csproj", "{33D79A6A-F617-42E3-9682-F69652FEAAB2}"
EndProject
Project("{9A19103F-16F7-4668-BE54-9A1E7A4F7556}") = "Db", "src\Db\Db.csproj", "{324C1A01-F1D6-4EF6-941C-D9B1A59BAE67}"
EndProject
Project("{9A19103F-16F7-4668-BE54-9A1E7A4F7556}") = "IoC", "src\IoC\IoC.csproj", "{1C3C697E-8E7B-4691-BAC8-46C6722FC87F}"
EndProject
Project("{9A19103F-16F7-4668-BE54-9A1E7A4F7556}") = "Api", "Api\Api.csproj", "{53D731C7-964E-4E4E-9D1E-694750DA5221}"
EndProject
Project("{9A19103F-16F7-4668-BE54-9A1E7A4F7556}") = "Dto", "src\Dto\Dto.csproj", "{6438A79C-CECF-4909-B644-0864F177208B}"
EndProject
Global
	GlobalSection(SolutionConfigurationPlatforms) = preSolution
		Debug|Any CPU = Debug|Any CPU
		Release|Any CPU = Release|Any CPU
	EndGlobalSection
	GlobalSection(ProjectConfigurationPlatforms) = postSolution
		{39A4145B-19CD-43A8-9577-01BCC583BB90}.Debug|Any CPU.ActiveCfg = Debug|Any CPU
		{39A4145B-19CD-43A8-9577-01BCC583BB90}.Debug|Any CPU.Build.0 = Debug|Any CPU
		{39A4145B-19CD-43A8-9577-01BCC583BB90}.Release|Any CPU.ActiveCfg = Release|Any CPU
		{39A4145B-19CD-43A8-9577-01BCC583BB90}.Release|Any CPU.Build.0 = Release|Any CPU
		{33D79A6A-F617-42E3-9682-F69652FEAAB2}.Debug|Any CPU.ActiveCfg = Debug|Any CPU
		{33D79A6A-F617-42E3-9682-F69652FEAAB2}.Debug|Any CPU.Build.0 = Debug|Any CPU
		{33D79A6A-F617-42E3-9682-F69652FEAAB2}.Release|Any CPU.ActiveCfg = Release|Any CPU
		{33D79A6A-F617-42E3-9682-F69652FEAAB2}.Release|Any CPU.Build.0 = Release|Any CPU
		{324C1A01-F1D6-4EF6-941C-D9B1A59BAE67}.Debug|Any CPU.ActiveCfg = Debug|Any CPU
		{324C1A01-F1D6-4EF6-941C-D9B1A59BAE67}.Debug|Any CPU.Build.0 = Debug|Any CPU
		{324C1A01-F1D6-4EF6-941C-D9B1A59BAE67}.Release|Any CPU.ActiveCfg = Release|Any CPU
		{324C1A01-F1D6-4EF6-941C-D9B1A59BAE67}.Release|Any CPU.Build.0 = Release|Any CPU
		{1C3C697E-8E7B-4691-BAC8-46C6722FC87F}.Debug|Any CPU.ActiveCfg = Debug|Any CPU
		{1C3C697E-8E7B-4691-BAC8-46C6722FC87F}.Debug|Any CPU.Build.0 = Debug|Any CPU
		{1C3C697E-8E7B-4691-BAC8-46C6722FC87F}.Release|Any CPU.ActiveCfg = Release|Any CPU
		{1C3C697E-8E7B-4691-BAC8-46C6722FC87F}.Release|Any CPU.Build.0 = Release|Any CPU
		{53D731C7-964E-4E4E-9D1E-694750DA5221}.Debug|Any CPU.ActiveCfg = Debug|Any CPU
		{53D731C7-964E-4E4E-9D1E-694750DA5221}.Debug|Any CPU.Build.0 = Debug|Any CPU
		{53D731C7-964E-4E4E-9D1E-694750DA5221}.Release|Any CPU.ActiveCfg = Release|Any CPU
		{53D731C7-964E-4E4E-9D1E-694750DA5221}.Release|Any CPU.Build.0 = Release|Any CPU
		{6438A79C-CECF-4909-B644-0864F177208B}.Debug|Any CPU.ActiveCfg = Debug|Any CPU
		{6438A79C-CECF-4909-B644-0864F177208B}.Debug|Any CPU.Build.0 = Debug|Any CPU
		{6438A79C-CECF-4909-B644-0864F177208B}.Release|Any CPU.ActiveCfg = Release|Any CPU
		{6438A79C-CECF-4909-B644-0864F177208B}.Release|Any CPU.Build.0 = Release|Any CPU
	EndGlobalSection
	GlobalSection(SolutionProperties) = preSolution
		HideSolutionNode = FALSE
	EndGlobalSection
	GlobalSection(NestedProjects) = preSolution
		{39A4145B-19CD-43A8-9577-01BCC583BB90} = {1DCFF00C-B509-48FC-81BA-CD111C365C59}
		{33D79A6A-F617-42E3-9682-F69652FEAAB2} = {1DCFF00C-B509-48FC-81BA-CD111C365C59}
		{324C1A01-F1D6-4EF6-941C-D9B1A59BAE67} = {1DCFF00C-B509-48FC-81BA-CD111C365C59}
		{1C3C697E-8E7B-4691-BAC8-46C6722FC87F} = {1DCFF00C-B509-48FC-81BA-CD111C365C59}
		{6438A79C-CECF-4909-B644-0864F177208B} = {1DCFF00C-B509-48FC-81BA-CD111C365C59}
	EndGlobalSection
	GlobalSection(ExtensibilityGlobals) = postSolution
		SolutionGuid = {D39BCB76-5CD1-42B5-B6F2-E2B7FF576FC2}
	EndGlobalSection
EndGlobal
